
Microsoft Visual Studio Solution File, Format Version 12.00
# Visual Studio Version 17
VisualStudioVersion = 17.8.34322.80
MinimumVisualStudioVersion = 10.0.40219.1
Project("{8BC9CEB8-8B4A-11D0-8D11-00A0C91BC942}") = "#5 random numbers and calculator", "#5 random numbers and calculator.vcxproj", "{586E1E6A-A901-41F4-8B79-6A5A7898F05F}"
EndProject
Global
	GlobalSection(SolutionConfigurationPlatforms) = preSolution
		Debug|x64 = Debug|x64
		Debug|x86 = Debug|x86
		Release|x64 = Release|x64
		Release|x86 = Release|x86
	EndGlobalSection
	GlobalSection(ProjectConfigurationPlatforms) = postSolution
		{586E1E6A-A901-41F4-8B79-6A5A7898F05F}.Debug|x64.ActiveCfg = Debug|x64
		{586E1E6A-A901-41F4-8B79-6A5A7898F05F}.Debug|x64.Build.0 = Debug|x64
		{586E1E6A-A901-41F4-8B79-6A5A7898F05F}.Debug|x86.ActiveCfg = Debug|Win32
		{586E1E6A-A901-41F4-8B79-6A5A7898F05F}.Debug|x86.Build.0 = Debug|Win32
		{586E1E6A-A901-41F4-8B79-6A5A7898F05F}.Release|x64.ActiveCfg = Release|x64
		{586E1E6A-A901-41F4-8B79-6A5A7898F05F}.Release|x64.Build.0 = Release|x64
		{586E1E6A-A901-41F4-8B79-6A5A7898F05F}.Release|x86.ActiveCfg = Release|Win32
		{586E1E6A-A901-41F4-8B79-6A5A7898F05F}.Release|x86.Build.0 = Release|Win32
	EndGlobalSection
	GlobalSection(SolutionProperties) = preSolution
		HideSolutionNode = FALSE
	EndGlobalSection
	GlobalSection(ExtensibilityGlobals) = postSolution
		SolutionGuid = {6C40AA6D-675B-4E72-B475-2C980FA6E938}
	EndGlobalSection
EndGlobal
