
Microsoft Visual Studio Solution File, Format Version 12.00
# Visual Studio Version 17
VisualStudioVersion = 17.8.34322.80
MinimumVisualStudioVersion = 10.0.40219.1
Project("{8BC9CEB8-8B4A-11D0-8D11-00A0C91BC942}") = "If else switch case", "If else switch case.vcxproj", "{FAB269FA-E3A6-4614-8C65-762D1088AA0A}"
EndProject
Global
	GlobalSection(SolutionConfigurationPlatforms) = preSolution
		Debug|x64 = Debug|x64
		Debug|x86 = Debug|x86
		Release|x64 = Release|x64
		Release|x86 = Release|x86
	EndGlobalSection
	GlobalSection(ProjectConfigurationPlatforms) = postSolution
		{FAB269FA-E3A6-4614-8C65-762D1088AA0A}.Debug|x64.ActiveCfg = Debug|x64
		{FAB269FA-E3A6-4614-8C65-762D1088AA0A}.Debug|x64.Build.0 = Debug|x64
		{FAB269FA-E3A6-4614-8C65-762D1088AA0A}.Debug|x86.ActiveCfg = Debug|Win32
		{FAB269FA-E3A6-4614-8C65-762D1088AA0A}.Debug|x86.Build.0 = Debug|Win32
		{FAB269FA-E3A6-4614-8C65-762D1088AA0A}.Release|x64.ActiveCfg = Release|x64
		{FAB269FA-E3A6-4614-8C65-762D1088AA0A}.Release|x64.Build.0 = Release|x64
		{FAB269FA-E3A6-4614-8C65-762D1088AA0A}.Release|x86.ActiveCfg = Release|Win32
		{FAB269FA-E3A6-4614-8C65-762D1088AA0A}.Release|x86.Build.0 = Release|Win32
	EndGlobalSection
	GlobalSection(SolutionProperties) = preSolution
		HideSolutionNode = FALSE
	EndGlobalSection
	GlobalSection(ExtensibilityGlobals) = postSolution
		SolutionGuid = {BC115B63-0575-426D-B837-3A788842BA79}
	EndGlobalSection
EndGlobal
